{
  "name": "redux-eloquent",
  "version": "1.0.0",
  "lockfileVersion": 1,
  "requires": true,
  "dependencies": {
    "normalizr": {
      "version": "3.2.4",
      "resolved": "http://registry.npm.taobao.org/normalizr/download/normalizr-3.2.4.tgz",
      "integrity": "sha1-Fqr8VAypncEGDOqhkzVWMi6sRCk="
    },
    "reselect": {
      "version": "3.0.1",
      "resolved": "http://registry.npm.taobao.org/reselect/download/reselect-3.0.1.tgz",
      "integrity": "sha1-79qpjqdFEyTQkrKyFjpqHXqaIUc="
    }
  }
}
